// !$*UTF8*$!
{
	archiveVersion = 1;
	classes = {
	};
	objectVersion = 46;
	objects = {

/* Begin PBXBuildFile section */
		F2FC43BA1C92DA6800629F7C /* AppDelegate.swift in Sources */ = {isa = PBXBuildFile; fileRef = F2FC43B91C92DA6800629F7C /* AppDelegate.swift */; };
		F2FC43BC1C92DA6800629F7C /* ViewController.swift in Sources */ = {isa = PBXBuildFile; fileRef = F2FC43BB1C92DA6800629F7C /* ViewController.swift */; };
		F2FC43BF1C92DA6800629F7C /* Main.storyboard in Resources */ = {isa = PBXBuildFile; fileRef = F2FC43BD1C92DA6800629F7C /* Main.storyboard */; };
		F2FC43C21C92DA6800629F7C /* IosProject.xcdatamodeld in Sources */ = {isa = PBXBuildFile; fileRef = F2FC43C01C92DA6800629F7C /* IosProject.xcdatamodeld */; };
		F2FC43C41C92DA6800629F7C /* Assets.xcassets in Resources */ = {isa = PBXBuildFile; fileRef = F2FC43C31C92DA6800629F7C /* Assets.xcassets */; };
		F2FC43C71C92DA6800629F7C /* LaunchScreen.storyboard in Resources */ = {isa = PBXBuildFile; fileRef = F2FC43C51C92DA6800629F7C /* LaunchScreen.storyboard */; };
/* End PBXBuildFile section */

/* Begin PBXFileReference section */
		F2FC43B61C92DA6800629F7C /* IosProject.app */ = {isa = PBXFileReference; explicitFileType = wrapper.application; includeInIndex = 0; path = IosProject.app; sourceTree = BUILT_PRODUCTS_DIR; };
		F2FC43B91C92DA6800629F7C /* AppDelegate.swift */ = {isa = PBXFileReference; lastKnownFileType = sourcecode.swift; path = AppDelegate.swift; sourceTree = "<group>"; };
		F2FC43BB1C92DA6800629F7C /* ViewController.swift */ = {isa = PBXFileReference; lastKnownFileType = sourcecode.swift; path = ViewController.swift; sourceTree = "<group>"; };
		F2FC43BE1C92DA6800629F7C /* Base */ = {isa = PBXFileReference; lastKnownFileType = file.storyboard; name = Base; path = Base.lproj/Main.storyboard; sourceTree = "<group>"; };
		F2FC43C11C92DA6800629F7C /* IosProject.xcdatamodel */ = {isa = PBXFileReference; lastKnownFileType = wrapper.xcdatamodel; path = IosProject.xcdatamodel; sourceTree = "<group>"; };
		F2FC43C31C92DA6800629F7C /* Assets.xcassets */ = {isa = PBXFileReference; lastKnownFileType = folder.assetcatalog; path = Assets.xcassets; sourceTree = "<group>"; };
		F2FC43C61C92DA6800629F7C /* Base */ = {isa = PBXFileReference; lastKnownFileType = file.storyboard; name = Base; path = Base.lproj/LaunchScreen.storyboard; sourceTree = "<group>"; };
		F2FC43C81C92DA6800629F7C /* Info.plist */ = {isa = PBXFileReference; lastKnownFileType = text.plist.xml; path = Info.plist; sourceTree = "<group>"; };
/* End PBXFileReference section */

/* Begin PBXFrameworksBuildPhase section */
		F2FC43B31C92DA6800629F7C /* Frameworks */ = {
			isa = PBXFrameworksBuildPhase;
			buildActionMask = 2147483647;
			files = (
			);
			runOnlyForDeploymentPostprocessing = 0;
		};
/* End PBXFrameworksBuildPhase section */

/* Begin PBXGroup section */
		F2FC43AD1C92DA6800629F7C = {
			isa = PBXGroup;
			children = (
				F2FC43B81C92DA6800629F7C /* IosProject */,
				F2FC43B71C92DA6800629F7C /* Products */,
			);
			sourceTree = "<group>";
		};
		F2FC43B71C92DA6800629F7C /* Products */ = {
			isa = PBXGroup;
			children = (
				F2FC43B61C92DA6800629F7C /* IosProject.app */,
			);
			name = Products;
			sourceTree = "<group>";
		};
		F2FC43B81C92DA6800629F7C /* IosProject */ = {
			isa = PBXGroup;
			children = (
				F2FC43B91C92DA6800629F7C /* AppDelegate.swift */,
				F2FC43BB1C92DA6800629F7C /* ViewController.swift */,
				F2FC43BD1C92DA6800629F7C /* Main.storyboard */,
				F2FC43C31C92DA6800629F7C /* Assets.xcassets */,
				F2FC43C51C92DA6800629F7C /* LaunchScreen.storyboard */,
				F2FC43C81C92DA6800629F7C /* Info.plist */,
				F2FC43C01C92DA6800629F7C /* IosProject.xcdatamodeld */,
			);
			path = IosProject;
			sourceTree = "<group>";
		};
/* End PBXGroup section */

/* Begin PBXNativeTarget section */
		F2FC43B51C92DA6800629F7C /* IosProject */ = {
			isa = PBXNativeTarget;
			buildConfigurationList = F2FC43CB1C92DA6800629F7C /* Build configuration list for PBXNativeTarget "IosProject" */;
			buildPhases = (
				F2FC43B21C92DA6800629F7C /* Sources */,
				F2FC43B31C92DA6800629F7C /* Frameworks */,
				F2FC43B41C92DA6800629F7C /* Resources */,
			);
			buildRules = (
			);
			dependencies = (
			);
			name = IosProject;
			productName = IosProject;
			productReference = F2FC43B61C92DA6800629F7C /* IosProject.app */;
			productType = "com.apple.product-type.application";
		};
/* End PBXNativeTarget section */

/* Begin PBXProject section */
		F2FC43AE1C92DA6800629F7C /* Project object */ = {
			isa = PBXProject;
			attributes = {
				LastSwiftUpdateCheck = 0720;
				LastUpgradeCheck = 0720;
				ORGANIZATIONNAME = tp;
				TargetAttributes = {
					F2FC43B51C92DA6800629F7C = {
						CreatedOnToolsVersion = 7.2;
					};
				};
			};
			buildConfigurationList = F2FC43B11C92DA6800629F7C /* Build configuration list for PBXProject "IosProject" */;
			compatibilityVersion = "Xcode 3.2";
			developmentRegion = English;
			hasScannedForEncodings = 0;
			knownRegions = (
				en,
				Base,
			);
			mainGroup = F2FC43AD1C92DA6800629F7C;
			productRefGroup = F2FC43B71C92DA6800629F7C /* Products */;
			projectDirPath = "";
			projectRoot = "";
			targets = (
				F2FC43B51C92DA6800629F7C /* IosProject */,
			);
		};
/* End PBXProject section */

/* Begin PBXResourcesBuildPhase section */
		F2FC43B41C92DA6800629F7C /* Resources */ = {
			isa = PBXResourcesBuildPhase;
			buildActionMask = 2147483647;
			files = (
				F2FC43C71C92DA6800629F7C /* LaunchScreen.storyboard in Resources */,
				F2FC43C41C92DA6800629F7C /* Assets.xcassets in Resources */,
				F2FC43BF1C92DA6800629F7C /* Main.storyboard in Resources */,
			);
			runOnlyForDeploymentPostprocessing = 0;
		};
/* End PBXResourcesBuildPhase section */

/* Begin PBXSourcesBuildPhase section */
		F2FC43B21C92DA6800629F7C /* Sources */ = {
			isa = PBXSourcesBuildPhase;
			buildActionMask = 2147483647;
			files = (
				F2FC43C21C92DA6800629F7C /* IosProject.xcdatamodeld in Sources */,
				F2FC43BC1C92DA6800629F7C /* ViewController.swift in Sources */,
				F2FC43BA1C92DA6800629F7C /* AppDelegate.swift in Sources */,
			);
			runOnlyForDeploymentPostprocessing = 0;
		};
/* End PBXSourcesBuildPhase section */

/* Begin PBXVariantGroup section */
		F2FC43BD1C92DA6800629F7C /* Main.storyboard */ = {
			isa = PBXVariantGroup;
			children = (
				F2FC43BE1C92DA6800629F7C /* Base */,
			);
			name = Main.storyboard;
			sourceTree = "<group>";
		};
		F2FC43C51C92DA6800629F7C /* LaunchScreen.storyboard */ = {
			isa = PBXVariantGroup;
			children = (
				F2FC43C61C92DA6800629F7C /* Base */,
			);
			name = LaunchScreen.storyboard;
			sourceTree = "<group>";
		};
/* End PBXVariantGroup section */

/* Begin XCBuildConfiguration section */
		F2FC43C91C92DA6800629F7C /* Debug */ = {
			isa = XCBuildConfiguration;
			buildSettings = {
				ALWAYS_SEARCH_USER_PATHS = NO;
				CLANG_CXX_LANGUAGE_STANDARD = "gnu++0x";
				CLANG_CXX_LIBRARY = "libc++";
				CLANG_ENABLE_MODULES = YES;
				CLANG_ENABLE_OBJC_ARC = YES;
				CLANG_WARN_BOOL_CONVERSION = YES;
				CLANG_WARN_CONSTANT_CONVERSION = YES;
				CLANG_WARN_DIRECT_OBJC_ISA_USAGE = YES_ERROR;
				CLANG_WARN_EMPTY_BODY = YES;
				CLANG_WARN_ENUM_CONVERSION = YES;
				CLANG_WARN_INT_CONVERSION = YES;
				CLANG_WARN_OBJC_ROOT_CLASS = YES_ERROR;
				CLANG_WARN_UNREACHABLE_CODE = YES;
				CLANG_WARN__DUPLICATE_METHOD_MATCH = YES;
				"CODE_SIGN_IDENTITY[sdk=iphoneos*]" = "iPhone Developer";
				COPY_PHASE_STRIP = NO;
				DEBUG_INFORMATION_FORMAT = dwarf;
				ENABLE_STRICT_OBJC_MSGSEND = YES;
				ENABLE_TESTABILITY = YES;
				GCC_C_LANGUAGE_STANDARD = gnu99;
				GCC_DYNAMIC_NO_PIC = NO;
				GCC_NO_COMMON_BLOCKS = YES;
				GCC_OPTIMIZATION_LEVEL = 0;
				GCC_PREPROCESSOR_DEFINITIONS = (
					"DEBUG=1",
					"$(inherited)",
				);
				GCC_WARN_64_TO_32_BIT_CONVERSION = YES;
				GCC_WARN_ABOUT_RETURN_TYPE = YES_ERROR;
				GCC_WARN_UNDECLARED_SELECTOR = YES;
				GCC_WARN_UNINITIALIZED_AUTOS = YES_AGGRESSIVE;
				GCC_WARN_UNUSED_FUNCTION = YES;
				GCC_WARN_UNUSED_VARIABLE = YES;
				IPHONEOS_DEPLOYMENT_TARGET = 9.2;
				MTL_ENABLE_DEBUG_INFO = YES;
				ONLY_ACTIVE_ARCH = YES;
				SDKROOT = iphoneos;
				SWIFT_OPTIMIZATION_LEVEL = "-Onone";
			};
			name = Debug;
		};
		F2FC43CA1C92DA6800629F7C /* Release */ = {
			isa = XCBuildConfiguration;
			buildSettings = {
				ALWAYS_SEARCH_USER_PATHS = NO;
				CLANG_CXX_LANGUAGE_STANDARD = "gnu++0x";
				CLANG_CXX_LIBRARY = "libc++";
				CLANG_ENABLE_MODULES = YES;
				CLANG_ENABLE_OBJC_ARC = YES;
				CLANG_WARN_BOOL_CONVERSION = YES;
				CLANG_WARN_CONSTANT_CONVERSION = YES;
				CLANG_WARN_DIRECT_OBJC_ISA_USAGE = YES_ERROR;
				CLANG_WARN_EMPTY_BODY = YES;
				CLANG_WARN_ENUM_CONVERSION = YES;
				CLANG_WARN_INT_CONVERSION = YES;
				CLANG_WARN_OBJC_ROOT_CLASS = YES_ERROR;
				CLANG_WARN_UNREACHABLE_CODE = YES;
				CLANG_WARN__DUPLICATE_METHOD_MATCH = YES;
				"CODE_SIGN_IDENTITY[sdk=iphoneos*]" = "iPhone Developer";
				COPY_PHASE_STRIP = NO;
				DEBUG_INFORMATION_FORMAT = "dwarf-with-dsym";
				ENABLE_NS_ASSERTIONS = NO;
				ENABLE_STRICT_OBJC_MSGSEND = YES;
				GCC_C_LANGUAGE_STANDARD = gnu99;
				GCC_NO_COMMON_BLOCKS = YES;
				GCC_WARN_64_TO_32_BIT_CONVERSION = YES;
				GCC_WARN_ABOUT_RETURN_TYPE = YES_ERROR;
				GCC_WARN_UNDECLARED_SELECTOR = YES;
				GCC_WARN_UNINITIALIZED_AUTOS = YES_AGGRESSIVE;
				GCC_WARN_UNUSED_FUNCTION = YES;
				GCC_WARN_UNUSED_VARIABLE = YES;
				IPHONEOS_DEPLOYMENT_TARGET = 9.2;
				MTL_ENABLE_DEBUG_INFO = NO;
				SDKROOT = iphoneos;
				VALIDATE_PRODUCT = YES;
			};
			name = Release;
		};
		F2FC43CC1C92DA6800629F7C /* Debug */ = {
			isa = XCBuildConfiguration;
			buildSettings = {
				ASSETCATALOG_COMPILER_APPICON_NAME = AppIcon;
				INFOPLIST_FILE = IosProject/Info.plist;
				LD_RUNPATH_SEARCH_PATHS = "$(inherited) @executable_path/Frameworks";
				PRODUCT_BUNDLE_IDENTIFIER = univ.IosProject;
				PRODUCT_NAME = "$(TARGET_NAME)";
			};
			name = Debug;
		};
		F2FC43CD1C92DA6800629F7C /* Release */ = {
			isa = XCBuildConfiguration;
			buildSettings = {
				ASSETCATALOG_COMPILER_APPICON_NAME = AppIcon;
				INFOPLIST_FILE = IosProject/Info.plist;
				LD_RUNPATH_SEARCH_PATHS = "$(inherited) @executable_path/Frameworks";
				PRODUCT_BUNDLE_IDENTIFIER = univ.IosProject;
				PRODUCT_NAME = "$(TARGET_NAME)";
			};
			name = Release;
		};
/* End XCBuildConfiguration section */

/* Begin XCConfigurationList section */
		F2FC43B11C92DA6800629F7C /* Build configuration list for PBXProject "IosProject" */ = {
			isa = XCConfigurationList;
			buildConfigurations = (
				F2FC43C91C92DA6800629F7C /* Debug */,
				F2FC43CA1C92DA6800629F7C /* Release */,
			);
			defaultConfigurationIsVisible = 0;
			defaultConfigurationName = Release;
		};
		F2FC43CB1C92DA6800629F7C /* Build configuration list for PBXNativeTarget "IosProject" */ = {
			isa = XCConfigurationList;
			buildConfigurations = (
				F2FC43CC1C92DA6800629F7C /* Debug */,
				F2FC43CD1C92DA6800629F7C /* Release */,
			);
			defaultConfigurationIsVisible = 0;
		};
/* End XCConfigurationList section */

/* Begin XCVersionGroup section */
		F2FC43C01C92DA6800629F7C /* IosProject.xcdatamodeld */ = {
			isa = XCVersionGroup;
			children = (
				F2FC43C11C92DA6800629F7C /* IosProject.xcdatamodel */,
			);
			currentVersion = F2FC43C11C92DA6800629F7C /* IosProject.xcdatamodel */;
			path = IosProject.xcdatamodeld;
			sourceTree = "<group>";
			versionGroupType = wrapper.xcdatamodel;
		};
/* End XCVersionGroup section */
	};
	rootObject = F2FC43AE1C92DA6800629F7C /* Project object */;
}
